// !$*UTF8*$!
{
	archiveVersion = 1;
	classes = {
	};
	objectVersion = 46;
	objects = {

/* Begin PBXBuildFile section */
		0A174B231F3BF6B1005BB4D3 /* MyTableViewDataSourceTests.m in Sources */ = {isa = PBXBuildFile; fileRef = 0A174B221F3BF6B1005BB4D3 /* MyTableViewDataSourceTests.m */; };
		0A174B261F3BFA73005BB4D3 /* MyTableViewDataSource.m in Sources */ = {isa = PBXBuildFile; fileRef = 0A174B251F3BFA73005BB4D3 /* MyTableViewDataSource.m */; };
		0A174B281F3C08E7005BB4D3 /* MyViewControllerTests.m in Sources */ = {isa = PBXBuildFile; fileRef = 0A174B271F3C08E7005BB4D3 /* MyViewControllerTests.m */; };
		0A174B2B1F3C0BB6005BB4D3 /* MyViewController.m in Sources */ = {isa = PBXBuildFile; fileRef = 0A174B2A1F3C0BB6005BB4D3 /* MyViewController.m */; };
		0A3992BD1F42FA72004BEF86 /* MyCell.m in Sources */ = {isa = PBXBuildFile; fileRef = 0A3992BC1F42FA72004BEF86 /* MyCell.m */; };
		0A5FE4831F4436BC00C357D5 /* NSObject+TestingHelper.m in Sources */ = {isa = PBXBuildFile; fileRef = 0A5FE4821F4436BC00C357D5 /* NSObject+TestingHelper.m */; };
		0A93B8A81F4D69E9000BFB97 /* MyJumperTests.m in Sources */ = {isa = PBXBuildFile; fileRef = 0A93B8A71F4D69E9000BFB97 /* MyJumperTests.m */; };
		0A93B8AB1F4D6A9C000BFB97 /* MyCellJumper.m in Sources */ = {isa = PBXBuildFile; fileRef = 0A93B8AA1F4D6A9C000BFB97 /* MyCellJumper.m */; };
		0ABD36581F3B257400FC023B /* main.m in Sources */ = {isa = PBXBuildFile; fileRef = 0ABD36571F3B257400FC023B /* main.m */; };
		0ABD365B1F3B257400FC023B /* AppDelegate.m in Sources */ = {isa = PBXBuildFile; fileRef = 0ABD365A1F3B257400FC023B /* AppDelegate.m */; };
		0ABD365E1F3B257400FC023B /* ViewController.m in Sources */ = {isa = PBXBuildFile; fileRef = 0ABD365D1F3B257400FC023B /* ViewController.m */; };
		0ABD36611F3B257400FC023B /* Main.storyboard in Resources */ = {isa = PBXBuildFile; fileRef = 0ABD365F1F3B257400FC023B /* Main.storyboard */; };
		0ABD36631F3B257400FC023B /* Assets.xcassets in Resources */ = {isa = PBXBuildFile; fileRef = 0ABD36621F3B257400FC023B /* Assets.xcassets */; };
		0ABD36661F3B257400FC023B /* LaunchScreen.storyboard in Resources */ = {isa = PBXBuildFile; fileRef = 0ABD36641F3B257400FC023B /* LaunchScreen.storyboard */; };
		0ABD36711F3B257400FC023B /* TDDListModuleDemoTests.m in Sources */ = {isa = PBXBuildFile; fileRef = 0ABD36701F3B257400FC023B /* TDDListModuleDemoTests.m */; };
		0ABD367C1F3B25BF00FC023B /* MyModelTests.m in Sources */ = {isa = PBXBuildFile; fileRef = 0ABD367B1F3B25BF00FC023B /* MyModelTests.m */; };
		0ABD367F1F3B318B00FC023B /* MyModel.m in Sources */ = {isa = PBXBuildFile; fileRef = 0ABD367E1F3B318B00FC023B /* MyModel.m */; };
		0AC80B4D1F4561030081F4D4 /* AppDelegateTests.m in Sources */ = {isa = PBXBuildFile; fileRef = 0AC80B4C1F4561030081F4D4 /* AppDelegateTests.m */; };
		0AFA82671F43DA9D0020C958 /* FakeTableView.m in Sources */ = {isa = PBXBuildFile; fileRef = 0AFA82661F43DA9D0020C958 /* FakeTableView.m */; };
		0AFA826B1F44214B0020C958 /* ATypeViewController.m in Sources */ = {isa = PBXBuildFile; fileRef = 0AFA826A1F44214B0020C958 /* ATypeViewController.m */; };
		0AFA826E1F442E0C0020C958 /* FakeNavigationViewController.m in Sources */ = {isa = PBXBuildFile; fileRef = 0AFA826D1F442E0C0020C958 /* FakeNavigationViewController.m */; };
/* End PBXBuildFile section */

/* Begin PBXContainerItemProxy section */
		0ABD366D1F3B257400FC023B /* PBXContainerItemProxy */ = {
			isa = PBXContainerItemProxy;
			containerPortal = 0ABD364B1F3B257400FC023B /* Project object */;
			proxyType = 1;
			remoteGlobalIDString = 0ABD36521F3B257400FC023B;
			remoteInfo = TDDListModuleDemo;
		};
/* End PBXContainerItemProxy section */

/* Begin PBXFileReference section */
		0A174B221F3BF6B1005BB4D3 /* MyTableViewDataSourceTests.m */ = {isa = PBXFileReference; fileEncoding = 4; lastKnownFileType = sourcecode.c.objc; path = MyTableViewDataSourceTests.m; sourceTree = "<group>"; };
		0A174B241F3BFA73005BB4D3 /* MyTableViewDataSource.h */ = {isa = PBXFileReference; fileEncoding = 4; lastKnownFileType = sourcecode.c.h; path = MyTableViewDataSource.h; sourceTree = "<group>"; };
		0A174B251F3BFA73005BB4D3 /* MyTableViewDataSource.m */ = {isa = PBXFileReference; fileEncoding = 4; lastKnownFileType = sourcecode.c.objc; path = MyTableViewDataSource.m; sourceTree = "<group>"; };
		0A174B271F3C08E7005BB4D3 /* MyViewControllerTests.m */ = {isa = PBXFileReference; fileEncoding = 4; lastKnownFileType = sourcecode.c.objc; path = MyViewControllerTests.m; sourceTree = "<group>"; };
		0A174B291F3C0BB6005BB4D3 /* MyViewController.h */ = {isa = PBXFileReference; fileEncoding = 4; lastKnownFileType = sourcecode.c.h; path = MyViewController.h; sourceTree = "<group>"; };
		0A174B2A1F3C0BB6005BB4D3 /* MyViewController.m */ = {isa = PBXFileReference; fileEncoding = 4; lastKnownFileType = sourcecode.c.objc; path = MyViewController.m; sourceTree = "<group>"; };
		0A3992BB1F42FA72004BEF86 /* MyCell.h */ = {isa = PBXFileReference; fileEncoding = 4; lastKnownFileType = sourcecode.c.h; path = MyCell.h; sourceTree = "<group>"; };
		0A3992BC1F42FA72004BEF86 /* MyCell.m */ = {isa = PBXFileReference; fileEncoding = 4; lastKnownFileType = sourcecode.c.objc; path = MyCell.m; sourceTree = "<group>"; };
		0A5FE4811F4436BC00C357D5 /* NSObject+TestingHelper.h */ = {isa = PBXFileReference; fileEncoding = 4; lastKnownFileType = sourcecode.c.h; path = "NSObject+TestingHelper.h"; sourceTree = "<group>"; };
		0A5FE4821F4436BC00C357D5 /* NSObject+TestingHelper.m */ = {isa = PBXFileReference; fileEncoding = 4; lastKnownFileType = sourcecode.c.objc; path = "NSObject+TestingHelper.m"; sourceTree = "<group>"; };
		0A93B8A61F4D64D7000BFB97 /* JumperProtocol.h */ = {isa = PBXFileReference; fileEncoding = 4; lastKnownFileType = sourcecode.c.h; path = JumperProtocol.h; sourceTree = "<group>"; };
		0A93B8A71F4D69E9000BFB97 /* MyJumperTests.m */ = {isa = PBXFileReference; fileEncoding = 4; lastKnownFileType = sourcecode.c.objc; path = MyJumperTests.m; sourceTree = "<group>"; };
		0A93B8A91F4D6A9C000BFB97 /* MyCellJumper.h */ = {isa = PBXFileReference; fileEncoding = 4; lastKnownFileType = sourcecode.c.h; path = MyCellJumper.h; sourceTree = "<group>"; };
		0A93B8AA1F4D6A9C000BFB97 /* MyCellJumper.m */ = {isa = PBXFileReference; fileEncoding = 4; lastKnownFileType = sourcecode.c.objc; path = MyCellJumper.m; sourceTree = "<group>"; };
		0ABD36531F3B257400FC023B /* TDDListModuleDemo.app */ = {isa = PBXFileReference; explicitFileType = wrapper.application; includeInIndex = 0; path = TDDListModuleDemo.app; sourceTree = BUILT_PRODUCTS_DIR; };
		0ABD36571F3B257400FC023B /* main.m */ = {isa = PBXFileReference; lastKnownFileType = sourcecode.c.objc; path = main.m; sourceTree = "<group>"; };
		0ABD36591F3B257400FC023B /* AppDelegate.h */ = {isa = PBXFileReference; lastKnownFileType = sourcecode.c.h; path = AppDelegate.h; sourceTree = "<group>"; };
		0ABD365A1F3B257400FC023B /* AppDelegate.m */ = {isa = PBXFileReference; lastKnownFileType = sourcecode.c.objc; path = AppDelegate.m; sourceTree = "<group>"; };
		0ABD365C1F3B257400FC023B /* ViewController.h */ = {isa = PBXFileReference; lastKnownFileType = sourcecode.c.h; path = ViewController.h; sourceTree = "<group>"; };
		0ABD365D1F3B257400FC023B /* ViewController.m */ = {isa = PBXFileReference; lastKnownFileType = sourcecode.c.objc; path = ViewController.m; sourceTree = "<group>"; };
		0ABD36601F3B257400FC023B /* Base */ = {isa = PBXFileReference; lastKnownFileType = file.storyboard; name = Base; path = Base.lproj/Main.storyboard; sourceTree = "<group>"; };
		0ABD36621F3B257400FC023B /* Assets.xcassets */ = {isa = PBXFileReference; lastKnownFileType = folder.assetcatalog; path = Assets.xcassets; sourceTree = "<group>"; };
		0ABD36651F3B257400FC023B /* Base */ = {isa = PBXFileReference; lastKnownFileType = file.storyboard; name = Base; path = Base.lproj/LaunchScreen.storyboard; sourceTree = "<group>"; };
		0ABD36671F3B257400FC023B /* Info.plist */ = {isa = PBXFileReference; lastKnownFileType = text.plist.xml; path = Info.plist; sourceTree = "<group>"; };
		0ABD366C1F3B257400FC023B /* TDDListModuleDemoTests.xctest */ = {isa = PBXFileReference; explicitFileType = wrapper.cfbundle; includeInIndex = 0; path = TDDListModuleDemoTests.xctest; sourceTree = BUILT_PRODUCTS_DIR; };
		0ABD36701F3B257400FC023B /* TDDListModuleDemoTests.m */ = {isa = PBXFileReference; lastKnownFileType = sourcecode.c.objc; path = TDDListModuleDemoTests.m; sourceTree = "<group>"; };
		0ABD36721F3B257400FC023B /* Info.plist */ = {isa = PBXFileReference; lastKnownFileType = text.plist.xml; path = Info.plist; sourceTree = "<group>"; };
		0ABD367B1F3B25BF00FC023B /* MyModelTests.m */ = {isa = PBXFileReference; fileEncoding = 4; lastKnownFileType = sourcecode.c.objc; path = MyModelTests.m; sourceTree = "<group>"; };
		0ABD367D1F3B318B00FC023B /* MyModel.h */ = {isa = PBXFileReference; fileEncoding = 4; lastKnownFileType = sourcecode.c.h; path = MyModel.h; sourceTree = "<group>"; };
		0ABD367E1F3B318B00FC023B /* MyModel.m */ = {isa = PBXFileReference; fileEncoding = 4; lastKnownFileType = sourcecode.c.objc; path = MyModel.m; sourceTree = "<group>"; };
		0AC80B4C1F4561030081F4D4 /* AppDelegateTests.m */ = {isa = PBXFileReference; fileEncoding = 4; lastKnownFileType = sourcecode.c.objc; path = AppDelegateTests.m; sourceTree = "<group>"; };
		0AFA82651F43DA9D0020C958 /* FakeTableView.h */ = {isa = PBXFileReference; fileEncoding = 4; lastKnownFileType = sourcecode.c.h; path = FakeTableView.h; sourceTree = "<group>"; };
		0AFA82661F43DA9D0020C958 /* FakeTableView.m */ = {isa = PBXFileReference; fileEncoding = 4; lastKnownFileType = sourcecode.c.objc; path = FakeTableView.m; sourceTree = "<group>"; };
		0AFA82681F43E3410020C958 /* MyDataSourceProtocol.h */ = {isa = PBXFileReference; fileEncoding = 4; lastKnownFileType = sourcecode.c.h; path = MyDataSourceProtocol.h; sourceTree = "<group>"; };
		0AFA82691F44214B0020C958 /* ATypeViewController.h */ = {isa = PBXFileReference; fileEncoding = 4; lastKnownFileType = sourcecode.c.h; path = ATypeViewController.h; sourceTree = "<group>"; };
		0AFA826A1F44214B0020C958 /* ATypeViewController.m */ = {isa = PBXFileReference; fileEncoding = 4; lastKnownFileType = sourcecode.c.objc; path = ATypeViewController.m; sourceTree = "<group>"; };
		0AFA826C1F442E0C0020C958 /* FakeNavigationViewController.h */ = {isa = PBXFileReference; fileEncoding = 4; lastKnownFileType = sourcecode.c.h; path = FakeNavigationViewController.h; sourceTree = "<group>"; };
		0AFA826D1F442E0C0020C958 /* FakeNavigationViewController.m */ = {isa = PBXFileReference; fileEncoding = 4; lastKnownFileType = sourcecode.c.objc; path = FakeNavigationViewController.m; sourceTree = "<group>"; };
/* End PBXFileReference section */

/* Begin PBXFrameworksBuildPhase section */
		0ABD36501F3B257400FC023B /* Frameworks */ = {
			isa = PBXFrameworksBuildPhase;
			buildActionMask = 2147483647;
			files = (
			);
			runOnlyForDeploymentPostprocessing = 0;
		};
		0ABD36691F3B257400FC023B /* Frameworks */ = {
			isa = PBXFrameworksBuildPhase;
			buildActionMask = 2147483647;
			files = (
			);
			runOnlyForDeploymentPostprocessing = 0;
		};
/* End PBXFrameworksBuildPhase section */

/* Begin PBXGroup section */
		0ABD364A1F3B257400FC023B = {
			isa = PBXGroup;
			children = (
				0ABD36551F3B257400FC023B /* TDDListModuleDemo */,
				0ABD366F1F3B257400FC023B /* TDDListModuleDemoTests */,
				0ABD36541F3B257400FC023B /* Products */,
			);
			sourceTree = "<group>";
		};
		0ABD36541F3B257400FC023B /* Products */ = {
			isa = PBXGroup;
			children = (
				0ABD36531F3B257400FC023B /* TDDListModuleDemo.app */,
				0ABD366C1F3B257400FC023B /* TDDListModuleDemoTests.xctest */,
			);
			name = Products;
			sourceTree = "<group>";
		};
		0ABD36551F3B257400FC023B /* TDDListModuleDemo */ = {
			isa = PBXGroup;
			children = (
				0ABD36591F3B257400FC023B /* AppDelegate.h */,
				0ABD365A1F3B257400FC023B /* AppDelegate.m */,
				0ABD365C1F3B257400FC023B /* ViewController.h */,
				0ABD365D1F3B257400FC023B /* ViewController.m */,
				0A3992BB1F42FA72004BEF86 /* MyCell.h */,
				0A3992BC1F42FA72004BEF86 /* MyCell.m */,
				0ABD367D1F3B318B00FC023B /* MyModel.h */,
				0ABD367E1F3B318B00FC023B /* MyModel.m */,
				0A174B241F3BFA73005BB4D3 /* MyTableViewDataSource.h */,
				0A174B251F3BFA73005BB4D3 /* MyTableViewDataSource.m */,
				0AFA82681F43E3410020C958 /* MyDataSourceProtocol.h */,
				0A93B8A61F4D64D7000BFB97 /* JumperProtocol.h */,
				0A93B8A91F4D6A9C000BFB97 /* MyCellJumper.h */,
				0A93B8AA1F4D6A9C000BFB97 /* MyCellJumper.m */,
				0A174B291F3C0BB6005BB4D3 /* MyViewController.h */,
				0A174B2A1F3C0BB6005BB4D3 /* MyViewController.m */,
				0AFA82691F44214B0020C958 /* ATypeViewController.h */,
				0AFA826A1F44214B0020C958 /* ATypeViewController.m */,
				0ABD365F1F3B257400FC023B /* Main.storyboard */,
				0ABD36621F3B257400FC023B /* Assets.xcassets */,
				0ABD36641F3B257400FC023B /* LaunchScreen.storyboard */,
				0ABD36671F3B257400FC023B /* Info.plist */,
				0ABD36561F3B257400FC023B /* Supporting Files */,
			);
			path = TDDListModuleDemo;
			sourceTree = "<group>";
		};
		0ABD36561F3B257400FC023B /* Supporting Files */ = {
			isa = PBXGroup;
			children = (
				0ABD36571F3B257400FC023B /* main.m */,
			);
			name = "Supporting Files";
			sourceTree = "<group>";
		};
		0ABD366F1F3B257400FC023B /* TDDListModuleDemoTests */ = {
			isa = PBXGroup;
			children = (
				0A93B8A71F4D69E9000BFB97 /* MyJumperTests.m */,
				0AC80B4C1F4561030081F4D4 /* AppDelegateTests.m */,
				0ABD367B1F3B25BF00FC023B /* MyModelTests.m */,
				0A174B221F3BF6B1005BB4D3 /* MyTableViewDataSourceTests.m */,
				0A174B271F3C08E7005BB4D3 /* MyViewControllerTests.m */,
				0AFA82651F43DA9D0020C958 /* FakeTableView.h */,
				0AFA82661F43DA9D0020C958 /* FakeTableView.m */,
				0A5FE4811F4436BC00C357D5 /* NSObject+TestingHelper.h */,
				0A5FE4821F4436BC00C357D5 /* NSObject+TestingHelper.m */,
				0AFA826C1F442E0C0020C958 /* FakeNavigationViewController.h */,
				0AFA826D1F442E0C0020C958 /* FakeNavigationViewController.m */,
				0ABD36701F3B257400FC023B /* TDDListModuleDemoTests.m */,
				0ABD36721F3B257400FC023B /* Info.plist */,
			);
			path = TDDListModuleDemoTests;
			sourceTree = "<group>";
		};
/* End PBXGroup section */

/* Begin PBXNativeTarget section */
		0ABD36521F3B257400FC023B /* TDDListModuleDemo */ = {
			isa = PBXNativeTarget;
			buildConfigurationList = 0ABD36751F3B257400FC023B /* Build configuration list for PBXNativeTarget "TDDListModuleDemo" */;
			buildPhases = (
				0ABD364F1F3B257400FC023B /* Sources */,
				0ABD36501F3B257400FC023B /* Frameworks */,
				0ABD36511F3B257400FC023B /* Resources */,
			);
			buildRules = (
			);
			dependencies = (
			);
			name = TDDListModuleDemo;
			productName = TDDListModuleDemo;
			productReference = 0ABD36531F3B257400FC023B /* TDDListModuleDemo.app */;
			productType = "com.apple.product-type.application";
		};
		0ABD366B1F3B257400FC023B /* TDDListModuleDemoTests */ = {
			isa = PBXNativeTarget;
			buildConfigurationList = 0ABD36781F3B257400FC023B /* Build configuration list for PBXNativeTarget "TDDListModuleDemoTests" */;
			buildPhases = (
				0ABD36681F3B257400FC023B /* Sources */,
				0ABD36691F3B257400FC023B /* Frameworks */,
				0ABD366A1F3B257400FC023B /* Resources */,
			);
			buildRules = (
			);
			dependencies = (
				0ABD366E1F3B257400FC023B /* PBXTargetDependency */,
			);
			name = TDDListModuleDemoTests;
			productName = TDDListModuleDemoTests;
			productReference = 0ABD366C1F3B257400FC023B /* TDDListModuleDemoTests.xctest */;
			productType = "com.apple.product-type.bundle.unit-test";
		};
/* End PBXNativeTarget section */

/* Begin PBXProject section */
		0ABD364B1F3B257400FC023B /* Project object */ = {
			isa = PBXProject;
			attributes = {
				LastUpgradeCheck = 0830;
				ORGANIZATIONNAME = Etop;
				TargetAttributes = {
					0ABD36521F3B257400FC023B = {
						CreatedOnToolsVersion = 8.3.1;
						DevelopmentTeam = QTR3NT98RR;
						ProvisioningStyle = Automatic;
					};
					0ABD366B1F3B257400FC023B = {
						CreatedOnToolsVersion = 8.3.1;
						DevelopmentTeam = QTR3NT98RR;
						ProvisioningStyle = Automatic;
						TestTargetID = 0ABD36521F3B257400FC023B;
					};
				};
			};
			buildConfigurationList = 0ABD364E1F3B257400FC023B /* Build configuration list for PBXProject "TDDListModuleDemo" */;
			compatibilityVersion = "Xcode 3.2";
			developmentRegion = English;
			hasScannedForEncodings = 0;
			knownRegions = (
				en,
				Base,
			);
			mainGroup = 0ABD364A1F3B257400FC023B;
			productRefGroup = 0ABD36541F3B257400FC023B /* Products */;
			projectDirPath = "";
			projectRoot = "";
			targets = (
				0ABD36521F3B257400FC023B /* TDDListModuleDemo */,
				0ABD366B1F3B257400FC023B /* TDDListModuleDemoTests */,
			);
		};
/* End PBXProject section */

/* Begin PBXResourcesBuildPhase section */
		0ABD36511F3B257400FC023B /* Resources */ = {
			isa = PBXResourcesBuildPhase;
			buildActionMask = 2147483647;
			files = (
				0ABD36661F3B257400FC023B /* LaunchScreen.storyboard in Resources */,
				0ABD36631F3B257400FC023B /* Assets.xcassets in Resources */,
				0ABD36611F3B257400FC023B /* Main.storyboard in Resources */,
			);
			runOnlyForDeploymentPostprocessing = 0;
		};
		0ABD366A1F3B257400FC023B /* Resources */ = {
			isa = PBXResourcesBuildPhase;
			buildActionMask = 2147483647;
			files = (
			);
			runOnlyForDeploymentPostprocessing = 0;
		};
/* End PBXResourcesBuildPhase section */

/* Begin PBXSourcesBuildPhase section */
		0ABD364F1F3B257400FC023B /* Sources */ = {
			isa = PBXSourcesBuildPhase;
			buildActionMask = 2147483647;
			files = (
				0A174B2B1F3C0BB6005BB4D3 /* MyViewController.m in Sources */,
				0A174B261F3BFA73005BB4D3 /* MyTableViewDataSource.m in Sources */,
				0AFA826B1F44214B0020C958 /* ATypeViewController.m in Sources */,
				0ABD365E1F3B257400FC023B /* ViewController.m in Sources */,
				0A93B8AB1F4D6A9C000BFB97 /* MyCellJumper.m in Sources */,
				0ABD365B1F3B257400FC023B /* AppDelegate.m in Sources */,
				0ABD36581F3B257400FC023B /* main.m in Sources */,
				0ABD367F1F3B318B00FC023B /* MyModel.m in Sources */,
				0A3992BD1F42FA72004BEF86 /* MyCell.m in Sources */,
			);
			runOnlyForDeploymentPostprocessing = 0;
		};
		0ABD36681F3B257400FC023B /* Sources */ = {
			isa = PBXSourcesBuildPhase;
			buildActionMask = 2147483647;
			files = (
				0AFA826E1F442E0C0020C958 /* FakeNavigationViewController.m in Sources */,
				0A93B8A81F4D69E9000BFB97 /* MyJumperTests.m in Sources */,
				0ABD36711F3B257400FC023B /* TDDListModuleDemoTests.m in Sources */,
				0A174B231F3BF6B1005BB4D3 /* MyTableViewDataSourceTests.m in Sources */,
				0A5FE4831F4436BC00C357D5 /* NSObject+TestingHelper.m in Sources */,
				0AC80B4D1F4561030081F4D4 /* AppDelegateTests.m in Sources */,
				0A174B281F3C08E7005BB4D3 /* MyViewControllerTests.m in Sources */,
				0AFA82671F43DA9D0020C958 /* FakeTableView.m in Sources */,
				0ABD367C1F3B25BF00FC023B /* MyModelTests.m in Sources */,
			);
			runOnlyForDeploymentPostprocessing = 0;
		};
/* End PBXSourcesBuildPhase section */

/* Begin PBXTargetDependency section */
		0ABD366E1F3B257400FC023B /* PBXTargetDependency */ = {
			isa = PBXTargetDependency;
			target = 0ABD36521F3B257400FC023B /* TDDListModuleDemo */;
			targetProxy = 0ABD366D1F3B257400FC023B /* PBXContainerItemProxy */;
		};
/* End PBXTargetDependency section */

/* Begin PBXVariantGroup section */
		0ABD365F1F3B257400FC023B /* Main.storyboard */ = {
			isa = PBXVariantGroup;
			children = (
				0ABD36601F3B257400FC023B /* Base */,
			);
			name = Main.storyboard;
			sourceTree = "<group>";
		};
		0ABD36641F3B257400FC023B /* LaunchScreen.storyboard */ = {
			isa = PBXVariantGroup;
			children = (
				0ABD36651F3B257400FC023B /* Base */,
			);
			name = LaunchScreen.storyboard;
			sourceTree = "<group>";
		};
/* End PBXVariantGroup section */

/* Begin XCBuildConfiguration section */
		0ABD36731F3B257400FC023B /* Debug */ = {
			isa = XCBuildConfiguration;
			buildSettings = {
				ALWAYS_SEARCH_USER_PATHS = NO;
				CLANG_ANALYZER_NONNULL = YES;
				CLANG_ANALYZER_NUMBER_OBJECT_CONVERSION = YES_AGGRESSIVE;
				CLANG_CXX_LANGUAGE_STANDARD = "gnu++0x";
				CLANG_CXX_LIBRARY = "libc++";
				CLANG_ENABLE_MODULES = YES;
				CLANG_ENABLE_OBJC_ARC = YES;
				CLANG_WARN_BOOL_CONVERSION = YES;
				CLANG_WARN_CONSTANT_CONVERSION = YES;
				CLANG_WARN_DIRECT_OBJC_ISA_USAGE = YES_ERROR;
				CLANG_WARN_DOCUMENTATION_COMMENTS = YES;
				CLANG_WARN_EMPTY_BODY = YES;
				CLANG_WARN_ENUM_CONVERSION = YES;
				CLANG_WARN_INFINITE_RECURSION = YES;
				CLANG_WARN_INT_CONVERSION = YES;
				CLANG_WARN_OBJC_ROOT_CLASS = YES_ERROR;
				CLANG_WARN_SUSPICIOUS_MOVE = YES;
				CLANG_WARN_UNREACHABLE_CODE = YES;
				CLANG_WARN__DUPLICATE_METHOD_MATCH = YES;
				"CODE_SIGN_IDENTITY[sdk=iphoneos*]" = "iPhone Developer";
				COPY_PHASE_STRIP = NO;
				DEBUG_INFORMATION_FORMAT = dwarf;
				ENABLE_STRICT_OBJC_MSGSEND = YES;
				ENABLE_TESTABILITY = YES;
				GCC_C_LANGUAGE_STANDARD = gnu99;
				GCC_DYNAMIC_NO_PIC = NO;
				GCC_NO_COMMON_BLOCKS = YES;
				GCC_OPTIMIZATION_LEVEL = 0;
				GCC_PREPROCESSOR_DEFINITIONS = (
					"DEBUG=1",
					"$(inherited)",
				);
				GCC_WARN_64_TO_32_BIT_CONVERSION = YES;
				GCC_WARN_ABOUT_RETURN_TYPE = YES_ERROR;
				GCC_WARN_UNDECLARED_SELECTOR = YES;
				GCC_WARN_UNINITIALIZED_AUTOS = YES_AGGRESSIVE;
				GCC_WARN_UNUSED_FUNCTION = YES;
				GCC_WARN_UNUSED_VARIABLE = YES;
				IPHONEOS_DEPLOYMENT_TARGET = 10.3;
				MTL_ENABLE_DEBUG_INFO = YES;
				ONLY_ACTIVE_ARCH = YES;
				SDKROOT = iphoneos;
				TARGETED_DEVICE_FAMILY = "1,2";
			};
			name = Debug;
		};
		0ABD36741F3B257400FC023B /* Release */ = {
			isa = XCBuildConfiguration;
			buildSettings = {
				ALWAYS_SEARCH_USER_PATHS = NO;
				CLANG_ANALYZER_NONNULL = YES;
				CLANG_ANALYZER_NUMBER_OBJECT_CONVERSION = YES_AGGRESSIVE;
				CLANG_CXX_LANGUAGE_STANDARD = "gnu++0x";
				CLANG_CXX_LIBRARY = "libc++";
				CLANG_ENABLE_MODULES = YES;
				CLANG_ENABLE_OBJC_ARC = YES;
				CLANG_WARN_BOOL_CONVERSION = YES;
				CLANG_WARN_CONSTANT_CONVERSION = YES;
				CLANG_WARN_DIRECT_OBJC_ISA_USAGE = YES_ERROR;
				CLANG_WARN_DOCUMENTATION_COMMENTS = YES;
				CLANG_WARN_EMPTY_BODY = YES;
				CLANG_WARN_ENUM_CONVERSION = YES;
				CLANG_WARN_INFINITE_RECURSION = YES;
				CLANG_WARN_INT_CONVERSION = YES;
				CLANG_WARN_OBJC_ROOT_CLASS = YES_ERROR;
				CLANG_WARN_SUSPICIOUS_MOVE = YES;
				CLANG_WARN_UNREACHABLE_CODE = YES;
				CLANG_WARN__DUPLICATE_METHOD_MATCH = YES;
				"CODE_SIGN_IDENTITY[sdk=iphoneos*]" = "iPhone Developer";
				COPY_PHASE_STRIP = NO;
				DEBUG_INFORMATION_FORMAT = "dwarf-with-dsym";
				ENABLE_NS_ASSERTIONS = NO;
				ENABLE_STRICT_OBJC_MSGSEND = YES;
				GCC_C_LANGUAGE_STANDARD = gnu99;
				GCC_NO_COMMON_BLOCKS = YES;
				GCC_WARN_64_TO_32_BIT_CONVERSION = YES;
				GCC_WARN_ABOUT_RETURN_TYPE = YES_ERROR;
				GCC_WARN_UNDECLARED_SELECTOR = YES;
				GCC_WARN_UNINITIALIZED_AUTOS = YES_AGGRESSIVE;
				GCC_WARN_UNUSED_FUNCTION = YES;
				GCC_WARN_UNUSED_VARIABLE = YES;
				IPHONEOS_DEPLOYMENT_TARGET = 10.3;
				MTL_ENABLE_DEBUG_INFO = NO;
				SDKROOT = iphoneos;
				TARGETED_DEVICE_FAMILY = "1,2";
				VALIDATE_PRODUCT = YES;
			};
			name = Release;
		};
		0ABD36761F3B257400FC023B /* Debug */ = {
			isa = XCBuildConfiguration;
			buildSettings = {
				ASSETCATALOG_COMPILER_APPICON_NAME = AppIcon;
				DEVELOPMENT_TEAM = QTR3NT98RR;
				INFOPLIST_FILE = TDDListModuleDemo/Info.plist;
				LD_RUNPATH_SEARCH_PATHS = "$(inherited) @executable_path/Frameworks";
				PRODUCT_BUNDLE_IDENTIFIER = Etop.Demos.TDDListModuleDemo;
				PRODUCT_NAME = "$(TARGET_NAME)";
			};
			name = Debug;
		};
		0ABD36771F3B257400FC023B /* Release */ = {
			isa = XCBuildConfiguration;
			buildSettings = {
				ASSETCATALOG_COMPILER_APPICON_NAME = AppIcon;
				DEVELOPMENT_TEAM = QTR3NT98RR;
				INFOPLIST_FILE = TDDListModuleDemo/Info.plist;
				LD_RUNPATH_SEARCH_PATHS = "$(inherited) @executable_path/Frameworks";
				PRODUCT_BUNDLE_IDENTIFIER = Etop.Demos.TDDListModuleDemo;
				PRODUCT_NAME = "$(TARGET_NAME)";
			};
			name = Release;
		};
		0ABD36791F3B257400FC023B /* Debug */ = {
			isa = XCBuildConfiguration;
			buildSettings = {
				BUNDLE_LOADER = "$(TEST_HOST)";
				DEVELOPMENT_TEAM = QTR3NT98RR;
				INFOPLIST_FILE = TDDListModuleDemoTests/Info.plist;
				LD_RUNPATH_SEARCH_PATHS = "$(inherited) @executable_path/Frameworks @loader_path/Frameworks";
				PRODUCT_BUNDLE_IDENTIFIER = Etop.Demos.TDDListModuleDemoTests;
				PRODUCT_NAME = "$(TARGET_NAME)";
				TEST_HOST = "$(BUILT_PRODUCTS_DIR)/TDDListModuleDemo.app/TDDListModuleDemo";
			};
			name = Debug;
		};
		0ABD367A1F3B257400FC023B /* Release */ = {
			isa = XCBuildConfiguration;
			buildSettings = {
				BUNDLE_LOADER = "$(TEST_HOST)";
				DEVELOPMENT_TEAM = QTR3NT98RR;
				INFOPLIST_FILE = TDDListModuleDemoTests/Info.plist;
				LD_RUNPATH_SEARCH_PATHS = "$(inherited) @executable_path/Frameworks @loader_path/Frameworks";
				PRODUCT_BUNDLE_IDENTIFIER = Etop.Demos.TDDListModuleDemoTests;
				PRODUCT_NAME = "$(TARGET_NAME)";
				TEST_HOST = "$(BUILT_PRODUCTS_DIR)/TDDListModuleDemo.app/TDDListModuleDemo";
			};
			name = Release;
		};
/* End XCBuildConfiguration section */

/* Begin XCConfigurationList section */
		0ABD364E1F3B257400FC023B /* Build configuration list for PBXProject "TDDListModuleDemo" */ = {
			isa = XCConfigurationList;
			buildConfigurations = (
				0ABD36731F3B257400FC023B /* Debug */,
				0ABD36741F3B257400FC023B /* Release */,
			);
			defaultConfigurationIsVisible = 0;
			defaultConfigurationName = Release;
		};
		0ABD36751F3B257400FC023B /* Build configuration list for PBXNativeTarget "TDDListModuleDemo" */ = {
			isa = XCConfigurationList;
			buildConfigurations = (
				0ABD36761F3B257400FC023B /* Debug */,
				0ABD36771F3B257400FC023B /* Release */,
			);
			defaultConfigurationIsVisible = 0;
			defaultConfigurationName = Release;
		};
		0ABD36781F3B257400FC023B /* Build configuration list for PBXNativeTarget "TDDListModuleDemoTests" */ = {
			isa = XCConfigurationList;
			buildConfigurations = (
				0ABD36791F3B257400FC023B /* Debug */,
				0ABD367A1F3B257400FC023B /* Release */,
			);
			defaultConfigurationIsVisible = 0;
			defaultConfigurationName = Release;
		};
/* End XCConfigurationList section */
	};
	rootObject = 0ABD364B1F3B257400FC023B /* Project object */;
}
